
Microsoft Visual Studio Solution File, Format Version 12.00
# Visual Studio 14
VisualStudioVersion = 14.0.24720.0
MinimumVisualStudioVersion = 10.0.40219.1
Project("{FAE04EC0-301F-11D3-BF4B-00C04F79EFBC}") = "TDD_Day1_Homework", "TDD_Day1_Homework\TDD_Day1_Homework.csproj", "{9F5D4A62-8FD8-478D-BBC0-E6563B723371}"
EndProject
Project("{FAE04EC0-301F-11D3-BF4B-00C04F79EFBC}") = "TDD_Day1_HomeworkTests", "TDD_Day1_HomeworkTests\TDD_Day1_HomeworkTests.csproj", "{9BA7C70E-5107-49E0-96A5-D6CC123E0FC1}"
EndProject
Global
	GlobalSection(SolutionConfigurationPlatforms) = preSolution
		Debug|Any CPU = Debug|Any CPU
		Release|Any CPU = Release|Any CPU
	EndGlobalSection
	GlobalSection(ProjectConfigurationPlatforms) = postSolution
		{9F5D4A62-8FD8-478D-BBC0-E6563B723371}.Debug|Any CPU.ActiveCfg = Debug|Any CPU
		{9F5D4A62-8FD8-478D-BBC0-E6563B723371}.Debug|Any CPU.Build.0 = Debug|Any CPU
		{9F5D4A62-8FD8-478D-BBC0-E6563B723371}.Release|Any CPU.ActiveCfg = Release|Any CPU
		{9F5D4A62-8FD8-478D-BBC0-E6563B723371}.Release|Any CPU.Build.0 = Release|Any CPU
		{9BA7C70E-5107-49E0-96A5-D6CC123E0FC1}.Debug|Any CPU.ActiveCfg = Debug|Any CPU
		{9BA7C70E-5107-49E0-96A5-D6CC123E0FC1}.Debug|Any CPU.Build.0 = Debug|Any CPU
		{9BA7C70E-5107-49E0-96A5-D6CC123E0FC1}.Release|Any CPU.ActiveCfg = Release|Any CPU
		{9BA7C70E-5107-49E0-96A5-D6CC123E0FC1}.Release|Any CPU.Build.0 = Release|Any CPU
	EndGlobalSection
	GlobalSection(SolutionProperties) = preSolution
		HideSolutionNode = FALSE
	EndGlobalSection
EndGlobal
